
Microsoft Visual Studio Solution File, Format Version 12.00
# Visual Studio 15
VisualStudioVersion = 15.0.27004.2009
MinimumVisualStudioVersion = 10.0.40219.1
Project("{9A19103F-16F7-4668-BE54-9A1E7A4F7556}") = "CasaDoCodigo.Aula2", "..\Aula2\CasaDoCodigo\CasaDoCodigo.Aula2.csproj", "{2A8B0225-5FD3-4362-877A-18ECE94C0C8A}"
EndProject
Global
	GlobalSection(SolutionConfigurationPlatforms) = preSolution
		Debug|Any CPU = Debug|Any CPU
		Release|Any CPU = Release|Any CPU
	EndGlobalSection
	GlobalSection(ProjectConfigurationPlatforms) = postSolution
		{2A8B0225-5FD3-4362-877A-18ECE94C0C8A}.Debug|Any CPU.ActiveCfg = Debug|Any CPU
		{2A8B0225-5FD3-4362-877A-18ECE94C0C8A}.Debug|Any CPU.Build.0 = Debug|Any CPU
		{2A8B0225-5FD3-4362-877A-18ECE94C0C8A}.Release|Any CPU.ActiveCfg = Release|Any CPU
		{2A8B0225-5FD3-4362-877A-18ECE94C0C8A}.Release|Any CPU.Build.0 = Release|Any CPU
	EndGlobalSection
	GlobalSection(SolutionProperties) = preSolution
		HideSolutionNode = FALSE
	EndGlobalSection
	GlobalSection(ExtensibilityGlobals) = postSolution
		SolutionGuid = {8C6D5C1D-6CD5-4BA7-A575-DC5A3F15B434}
	EndGlobalSection
EndGlobal
